<?xml version="1.0" encoding="utf-8"?>
<Project ToolsVersion="4.0" xmlns="http://schemas.microsoft.com/developer/msbuild/2003">
  <ItemGroup>
    <ClCompile Include="Renderer.cpp">
      <Filter>Source</Filter>
    </ClCompile>
    <ClCompile Include="stdafx.cpp">
      <Filter>Source</Filter>
    </ClCompile>
    <ClCompile Include="GLSLBase.cpp">
      <Filter>Source</Filter>
    </ClCompile>
  </ItemGroup>
  <ItemGroup>
    <ClInclude Include="Renderer.h">
      <Filter>Header</Filter>
    </ClInclude>
    <ClInclude Include="stdafx.h">
      <Filter>Header</Filter>
    </ClInclude>
    <ClInclude Include="targetver.h">
      <Filter>Header</Filter>
    </ClInclude>
  </ItemGroup>
  <ItemGroup>
    <None Include="Shaders\SolidRect.vs">
      <Filter>Shader</Filter>
    </None>
    <None Include="Shaders\SolidRect.fs">
      <Filter>Shader</Filter>
    </None>
    <None Include="Shaders\Test01.fs">
      <Filter>Shader\Test01</Filter>
    </None>
    <None Include="Shaders\Test01.vs">
      <Filter>Shader\Test01</Filter>
    </None>
    <None Include="Shaders\Test02.fs">
      <Filter>Shader\Test02</Filter>
    </None>
    <None Include="Shaders\Test02.vs">
      <Filter>Shader\Test02</Filter>
    </None>
    <None Include="Shaders\Test03.fs">
      <Filter>Shader\Test03</Filter>
    </None>
    <None Include="Shaders\Test03.vs">
      <Filter>Shader\Test03</Filter>
    </None>
  </ItemGroup>
  <ItemGroup>
    <Text Include="ReadMe.txt" />
  </ItemGroup>
  <ItemGroup>
    <Filter Include="Source">
      <UniqueIdentifier>{a7fcb93d-3717-43ab-b316-e9d0ce5b8225}</UniqueIdentifier>
    </Filter>
    <Filter Include="Header">
      <UniqueIdentifier>{281c75ca-d516-457d-94dd-38314bf09c82}</UniqueIdentifier>
    </Filter>
    <Filter Include="Shader">
      <UniqueIdentifier>{67bf60d2-2daa-4412-a92a-1ef604d4703f}</UniqueIdentifier>
    </Filter>
    <Filter Include="Shader\Test01">
      <UniqueIdentifier>{943bd38e-3b79-4ceb-af7e-122acb925384}</UniqueIdentifier>
    </Filter>
    <Filter Include="Shader\Test02">
      <UniqueIdentifier>{4d2cfdfa-1ba3-4eda-b372-194c1c3144eb}</UniqueIdentifier>
    </Filter>
    <Filter Include="Shader\Test03">
      <UniqueIdentifier>{e711e6fa-9967-4b0a-a6ef-b04483b1e1cf}</UniqueIdentifier>
    </Filter>
  </ItemGroup>
</Project>